
Microsoft Visual Studio Solution File, Format Version 12.00
# Visual Studio 15
VisualStudioVersion = 15.0.27004.2006
MinimumVisualStudioVersion = 10.0.40219.1
Project("{FAE04EC0-301F-11D3-BF4B-00C04F79EFBC}") = "Core", "Core\Core.csproj", "{00F4F6E3-E8AE-4E61-ABC0-734D122D29AB}"
EndProject
Project("{FAE04EC0-301F-11D3-BF4B-00C04F79EFBC}") = "ConfigByXml", "ConfigByXml\ConfigByXml.csproj", "{75F925AD-214A-447F-9ECE-77FF4AE76E2C}"
EndProject
Project("{FAE04EC0-301F-11D3-BF4B-00C04F79EFBC}") = "ConfigByAppConfig", "ConfigByAppConfig\ConfigByAppConfig.csproj", "{6AAFEB2F-E6B7-4F5E-ABEB-B402AF0325AD}"
EndProject
Project("{FAE04EC0-301F-11D3-BF4B-00C04F79EFBC}") = "ConfigByCode", "ConfigByCode\ConfigByCode.csproj", "{6FFDAD59-F49A-41DC-8C9D-8384C216880F}"
EndProject
Project("{FAE04EC0-301F-11D3-BF4B-00C04F79EFBC}") = "ConfigByFNH", "ConfigByFNH\ConfigByFNH.csproj", "{F3E66C21-FAA7-4B53-A6C1-C32A8013FA30}"
EndProject
Global
	GlobalSection(SolutionConfigurationPlatforms) = preSolution
		Debug|Any CPU = Debug|Any CPU
		Release|Any CPU = Release|Any CPU
	EndGlobalSection
	GlobalSection(ProjectConfigurationPlatforms) = postSolution
		{00F4F6E3-E8AE-4E61-ABC0-734D122D29AB}.Debug|Any CPU.ActiveCfg = Debug|Any CPU
		{00F4F6E3-E8AE-4E61-ABC0-734D122D29AB}.Debug|Any CPU.Build.0 = Debug|Any CPU
		{00F4F6E3-E8AE-4E61-ABC0-734D122D29AB}.Release|Any CPU.ActiveCfg = Release|Any CPU
		{00F4F6E3-E8AE-4E61-ABC0-734D122D29AB}.Release|Any CPU.Build.0 = Release|Any CPU
		{75F925AD-214A-447F-9ECE-77FF4AE76E2C}.Debug|Any CPU.ActiveCfg = Debug|Any CPU
		{75F925AD-214A-447F-9ECE-77FF4AE76E2C}.Debug|Any CPU.Build.0 = Debug|Any CPU
		{75F925AD-214A-447F-9ECE-77FF4AE76E2C}.Release|Any CPU.ActiveCfg = Release|Any CPU
		{75F925AD-214A-447F-9ECE-77FF4AE76E2C}.Release|Any CPU.Build.0 = Release|Any CPU
		{6AAFEB2F-E6B7-4F5E-ABEB-B402AF0325AD}.Debug|Any CPU.ActiveCfg = Debug|Any CPU
		{6AAFEB2F-E6B7-4F5E-ABEB-B402AF0325AD}.Debug|Any CPU.Build.0 = Debug|Any CPU
		{6AAFEB2F-E6B7-4F5E-ABEB-B402AF0325AD}.Release|Any CPU.ActiveCfg = Release|Any CPU
		{6AAFEB2F-E6B7-4F5E-ABEB-B402AF0325AD}.Release|Any CPU.Build.0 = Release|Any CPU
		{6FFDAD59-F49A-41DC-8C9D-8384C216880F}.Debug|Any CPU.ActiveCfg = Debug|Any CPU
		{6FFDAD59-F49A-41DC-8C9D-8384C216880F}.Debug|Any CPU.Build.0 = Debug|Any CPU
		{6FFDAD59-F49A-41DC-8C9D-8384C216880F}.Release|Any CPU.ActiveCfg = Release|Any CPU
		{6FFDAD59-F49A-41DC-8C9D-8384C216880F}.Release|Any CPU.Build.0 = Release|Any CPU
		{F3E66C21-FAA7-4B53-A6C1-C32A8013FA30}.Debug|Any CPU.ActiveCfg = Debug|Any CPU
		{F3E66C21-FAA7-4B53-A6C1-C32A8013FA30}.Debug|Any CPU.Build.0 = Debug|Any CPU
		{F3E66C21-FAA7-4B53-A6C1-C32A8013FA30}.Release|Any CPU.ActiveCfg = Release|Any CPU
		{F3E66C21-FAA7-4B53-A6C1-C32A8013FA30}.Release|Any CPU.Build.0 = Release|Any CPU
	EndGlobalSection
	GlobalSection(SolutionProperties) = preSolution
		HideSolutionNode = FALSE
	EndGlobalSection
	GlobalSection(ExtensibilityGlobals) = postSolution
		SolutionGuid = {A04E8E67-D68B-46F9-9604-BCF525CD8242}
	EndGlobalSection
EndGlobal
